
Microsoft Visual Studio Solution File, Format Version 12.00
# Visual Studio Version 17
VisualStudioVersion = 17.4.33110.190
MinimumVisualStudioVersion = 10.0.40219.1
Project("{FAE04EC0-301F-11D3-BF4B-00C04F79EFBC}") = "PictureViewer", "PictureViewer.csproj", "{99F76D85-E5C7-44B0-96B1-0345002CA1DD}"
EndProject
Global
	GlobalSection(SolutionConfigurationPlatforms) = preSolution
		Debug|Any CPU = Debug|Any CPU
		Release|Any CPU = Release|Any CPU
	EndGlobalSection
	GlobalSection(ProjectConfigurationPlatforms) = postSolution
		{99F76D85-E5C7-44B0-96B1-0345002CA1DD}.Debug|Any CPU.ActiveCfg = Debug|Any CPU
		{99F76D85-E5C7-44B0-96B1-0345002CA1DD}.Debug|Any CPU.Build.0 = Debug|Any CPU
		{99F76D85-E5C7-44B0-96B1-0345002CA1DD}.Release|Any CPU.ActiveCfg = Release|Any CPU
		{99F76D85-E5C7-44B0-96B1-0345002CA1DD}.Release|Any CPU.Build.0 = Release|Any CPU
	EndGlobalSection
	GlobalSection(SolutionProperties) = preSolution
		HideSolutionNode = FALSE
	EndGlobalSection
	GlobalSection(ExtensibilityGlobals) = postSolution
		SolutionGuid = {0F4705F4-6DA0-4628-95A9-8F40E63DC740}
	EndGlobalSection
EndGlobal
